
Microsoft Visual Studio Solution File, Format Version 12.00
# Visual Studio Version 17
VisualStudioVersion = 17.3.32825.248
MinimumVisualStudioVersion = 10.0.40219.1
Project("{FAE04EC0-301F-11D3-BF4B-00C04F79EFBC}") = "Calculator", "Calculator.csproj", "{EA29D11F-4781-48B7-8A29-42E27AB6B0E7}"
EndProject
Global
	GlobalSection(SolutionConfigurationPlatforms) = preSolution
		Debug|Any CPU = Debug|Any CPU
		Release|Any CPU = Release|Any CPU
	EndGlobalSection
	GlobalSection(ProjectConfigurationPlatforms) = postSolution
		{EA29D11F-4781-48B7-8A29-42E27AB6B0E7}.Debug|Any CPU.ActiveCfg = Debug|Any CPU
		{EA29D11F-4781-48B7-8A29-42E27AB6B0E7}.Debug|Any CPU.Build.0 = Debug|Any CPU
		{EA29D11F-4781-48B7-8A29-42E27AB6B0E7}.Release|Any CPU.ActiveCfg = Release|Any CPU
		{EA29D11F-4781-48B7-8A29-42E27AB6B0E7}.Release|Any CPU.Build.0 = Release|Any CPU
	EndGlobalSection
	GlobalSection(SolutionProperties) = preSolution
		HideSolutionNode = FALSE
	EndGlobalSection
	GlobalSection(ExtensibilityGlobals) = postSolution
		SolutionGuid = {A86B6F01-FA25-4DD1-B6CF-DBFD46A44D07}
	EndGlobalSection
EndGlobal
