
Microsoft Visual Studio Solution File, Format Version 12.00
# Visual Studio Version 17
VisualStudioVersion = 17.3.32825.248
MinimumVisualStudioVersion = 10.0.40219.1
Project("{FAE04EC0-301F-11D3-BF4B-00C04F79EFBC}") = "EvenOrOdd", "EvenOrOdd.csproj", "{6417749B-293A-4E9C-9999-05332CCB0CFF}"
EndProject
Global
	GlobalSection(SolutionConfigurationPlatforms) = preSolution
		Debug|Any CPU = Debug|Any CPU
		Release|Any CPU = Release|Any CPU
	EndGlobalSection
	GlobalSection(ProjectConfigurationPlatforms) = postSolution
		{6417749B-293A-4E9C-9999-05332CCB0CFF}.Debug|Any CPU.ActiveCfg = Debug|Any CPU
		{6417749B-293A-4E9C-9999-05332CCB0CFF}.Debug|Any CPU.Build.0 = Debug|Any CPU
		{6417749B-293A-4E9C-9999-05332CCB0CFF}.Release|Any CPU.ActiveCfg = Release|Any CPU
		{6417749B-293A-4E9C-9999-05332CCB0CFF}.Release|Any CPU.Build.0 = Release|Any CPU
	EndGlobalSection
	GlobalSection(SolutionProperties) = preSolution
		HideSolutionNode = FALSE
	EndGlobalSection
	GlobalSection(ExtensibilityGlobals) = postSolution
		SolutionGuid = {77F5ACA1-256B-4D65-AA16-E92D8476644C}
	EndGlobalSection
EndGlobal
